
Microsoft Visual Studio Solution File, Format Version 12.00
# Visual Studio Version 17
VisualStudioVersion = 17.9.34616.47
MinimumVisualStudioVersion = 10.0.40219.1
Project("{FAE04EC0-301F-11D3-BF4B-00C04F79EFBC}") = "SerdehaBlog.Core", "SerdehaBlog.Core\SerdehaBlog.Core.csproj", "{B06983F5-B038-4E4B-A842-4B5ADAC47624}"
EndProject
Project("{FAE04EC0-301F-11D3-BF4B-00C04F79EFBC}") = "SerdehaBlog.Data", "SerdehaBlog.Data\SerdehaBlog.Data.csproj", "{83CA57AD-B34B-49B5-B3F3-E6BE529FC231}"
EndProject
Project("{FAE04EC0-301F-11D3-BF4B-00C04F79EFBC}") = "SerdehaBlog.Entity", "SerdehaBlog.Entity\SerdehaBlog.Entity.csproj", "{17F1ECC5-4388-4370-8226-56BB5285B210}"
EndProject
Project("{FAE04EC0-301F-11D3-BF4B-00C04F79EFBC}") = "SerdehaBlog.Business", "SerdehaBlog.Business\SerdehaBlog.Business.csproj", "{A6B01E01-76A7-4CE1-9C69-14EBCCCD3685}"
EndProject
Project("{FAE04EC0-301F-11D3-BF4B-00C04F79EFBC}") = "SerdehaBlog.WebUI", "SerdehaBlog.WebUI\SerdehaBlog.WebUI.csproj", "{8A4C5F1C-43E3-4853-877D-6C3A5DDE3976}"
EndProject
Global
	GlobalSection(SolutionConfigurationPlatforms) = preSolution
		Debug|Any CPU = Debug|Any CPU
		Release|Any CPU = Release|Any CPU
	EndGlobalSection
	GlobalSection(ProjectConfigurationPlatforms) = postSolution
		{B06983F5-B038-4E4B-A842-4B5ADAC47624}.Debug|Any CPU.ActiveCfg = Debug|Any CPU
		{B06983F5-B038-4E4B-A842-4B5ADAC47624}.Debug|Any CPU.Build.0 = Debug|Any CPU
		{B06983F5-B038-4E4B-A842-4B5ADAC47624}.Release|Any CPU.ActiveCfg = Release|Any CPU
		{B06983F5-B038-4E4B-A842-4B5ADAC47624}.Release|Any CPU.Build.0 = Release|Any CPU
		{83CA57AD-B34B-49B5-B3F3-E6BE529FC231}.Debug|Any CPU.ActiveCfg = Debug|Any CPU
		{83CA57AD-B34B-49B5-B3F3-E6BE529FC231}.Debug|Any CPU.Build.0 = Debug|Any CPU
		{83CA57AD-B34B-49B5-B3F3-E6BE529FC231}.Release|Any CPU.ActiveCfg = Release|Any CPU
		{83CA57AD-B34B-49B5-B3F3-E6BE529FC231}.Release|Any CPU.Build.0 = Release|Any CPU
		{17F1ECC5-4388-4370-8226-56BB5285B210}.Debug|Any CPU.ActiveCfg = Debug|Any CPU
		{17F1ECC5-4388-4370-8226-56BB5285B210}.Debug|Any CPU.Build.0 = Debug|Any CPU
		{17F1ECC5-4388-4370-8226-56BB5285B210}.Release|Any CPU.ActiveCfg = Release|Any CPU
		{17F1ECC5-4388-4370-8226-56BB5285B210}.Release|Any CPU.Build.0 = Release|Any CPU
		{A6B01E01-76A7-4CE1-9C69-14EBCCCD3685}.Debug|Any CPU.ActiveCfg = Debug|Any CPU
		{A6B01E01-76A7-4CE1-9C69-14EBCCCD3685}.Debug|Any CPU.Build.0 = Debug|Any CPU
		{A6B01E01-76A7-4CE1-9C69-14EBCCCD3685}.Release|Any CPU.ActiveCfg = Release|Any CPU
		{A6B01E01-76A7-4CE1-9C69-14EBCCCD3685}.Release|Any CPU.Build.0 = Release|Any CPU
		{8A4C5F1C-43E3-4853-877D-6C3A5DDE3976}.Debug|Any CPU.ActiveCfg = Debug|Any CPU
		{8A4C5F1C-43E3-4853-877D-6C3A5DDE3976}.Debug|Any CPU.Build.0 = Debug|Any CPU
		{8A4C5F1C-43E3-4853-877D-6C3A5DDE3976}.Release|Any CPU.ActiveCfg = Release|Any CPU
		{8A4C5F1C-43E3-4853-877D-6C3A5DDE3976}.Release|Any CPU.Build.0 = Release|Any CPU
	EndGlobalSection
	GlobalSection(SolutionProperties) = preSolution
		HideSolutionNode = FALSE
	EndGlobalSection
	GlobalSection(ExtensibilityGlobals) = postSolution
		SolutionGuid = {AFA584FE-86C8-40A2-A1B6-305C51051182}
	EndGlobalSection
EndGlobal
